
Microsoft Visual Studio Solution File, Format Version 12.00
# Visual Studio Version 16
VisualStudioVersion = 16.0.31129.286
MinimumVisualStudioVersion = 10.0.40219.1
Project("{FAE04EC0-301F-11D3-BF4B-00C04F79EFBC}") = "RetroShoeBox", "RetroShoeBox\RetroShoeBox.csproj", "{1DFC0EAD-9C4B-4A08-BF4D-BEBAC8E0061C}"
EndProject
Global
	GlobalSection(SolutionConfigurationPlatforms) = preSolution
		Debug|Any CPU = Debug|Any CPU
		Release|Any CPU = Release|Any CPU
	EndGlobalSection
	GlobalSection(ProjectConfigurationPlatforms) = postSolution
		{1DFC0EAD-9C4B-4A08-BF4D-BEBAC8E0061C}.Debug|Any CPU.ActiveCfg = Debug|Any CPU
		{1DFC0EAD-9C4B-4A08-BF4D-BEBAC8E0061C}.Debug|Any CPU.Build.0 = Debug|Any CPU
		{1DFC0EAD-9C4B-4A08-BF4D-BEBAC8E0061C}.Release|Any CPU.ActiveCfg = Release|Any CPU
		{1DFC0EAD-9C4B-4A08-BF4D-BEBAC8E0061C}.Release|Any CPU.Build.0 = Release|Any CPU
	EndGlobalSection
	GlobalSection(SolutionProperties) = preSolution
		HideSolutionNode = FALSE
	EndGlobalSection
	GlobalSection(ExtensibilityGlobals) = postSolution
		SolutionGuid = {0608FBA5-FC33-4BA6-BCE4-DCE908FF02C3}
	EndGlobalSection
EndGlobal
